// !$*UTF8*$!
{
	archiveVersion = 1;
	classes = {
	};
	objectVersion = 46;
	objects = {

/* Begin PBXBuildFile section */
		45028AA81B1B535E00417606 /* VZAFRequest.m in Sources */ = {isa = PBXBuildFile; fileRef = 45028A6A1B1B535E00417606 /* VZAFRequest.m */; };
		45028AA91B1B535E00417606 /* VZListViewController.m in Sources */ = {isa = PBXBuildFile; fileRef = 45028A6D1B1B535E00417606 /* VZListViewController.m */; };
		45028AAA1B1B535E00417606 /* VZListViewDataSource.m in Sources */ = {isa = PBXBuildFile; fileRef = 45028A6F1B1B535E00417606 /* VZListViewDataSource.m */; };
		45028AAB1B1B535E00417606 /* VZListViewDelegate.m in Sources */ = {isa = PBXBuildFile; fileRef = 45028A711B1B535E00417606 /* VZListViewDelegate.m */; };
		45028AAC1B1B535E00417606 /* VZViewController.m in Sources */ = {isa = PBXBuildFile; fileRef = 45028A731B1B535E00417606 /* VZViewController.m */; };
		45028AAD1B1B535E00417606 /* VZHTTPListModel.m in Sources */ = {isa = PBXBuildFile; fileRef = 45028A761B1B535E00417606 /* VZHTTPListModel.m */; };
		45028AAE1B1B535E00417606 /* VZHTTPModel.m in Sources */ = {isa = PBXBuildFile; fileRef = 45028A781B1B535E00417606 /* VZHTTPModel.m */; };
		45028AAF1B1B535E00417606 /* VZHTTPRequest.m in Sources */ = {isa = PBXBuildFile; fileRef = 45028A7B1B1B535E00417606 /* VZHTTPRequest.m */; };
		45028AB01B1B535E00417606 /* VZItem.m in Sources */ = {isa = PBXBuildFile; fileRef = 45028A7E1B1B535E00417606 /* VZItem.m */; };
		45028AB11B1B535E00417606 /* VZListDefaultTextItem.m in Sources */ = {isa = PBXBuildFile; fileRef = 45028A801B1B535E00417606 /* VZListDefaultTextItem.m */; };
		45028AB21B1B535E00417606 /* VZListItem.m in Sources */ = {isa = PBXBuildFile; fileRef = 45028A821B1B535E00417606 /* VZListItem.m */; };
		45028AB31B1B535E00417606 /* VZModel.m in Sources */ = {isa = PBXBuildFile; fileRef = 45028A841B1B535E00417606 /* VZModel.m */; };
		45028AB41B1B535E00417606 /* NSString+VZHTTPNetworkUtil.m in Sources */ = {isa = PBXBuildFile; fileRef = 45028A871B1B535E00417606 /* NSString+VZHTTPNetworkUtil.m */; };
		45028AB51B1B535E00417606 /* VZHTTPConnectionOperation.m in Sources */ = {isa = PBXBuildFile; fileRef = 45028A891B1B535E00417606 /* VZHTTPConnectionOperation.m */; };
		45028AB61B1B535E00417606 /* VZHTTPNetworkAgent.m in Sources */ = {isa = PBXBuildFile; fileRef = 45028A8C1B1B535E00417606 /* VZHTTPNetworkAgent.m */; };
		45028AB71B1B535E00417606 /* VZHTTPNetworkSecurity.m in Sources */ = {isa = PBXBuildFile; fileRef = 45028A8E1B1B535E00417606 /* VZHTTPNetworkSecurity.m */; };
		45028AB81B1B535E00417606 /* VZHTTPRequestGenerator.m in Sources */ = {isa = PBXBuildFile; fileRef = 45028A901B1B535E00417606 /* VZHTTPRequestGenerator.m */; };
		45028AB91B1B535E00417606 /* VZHTTPResponseParser.m in Sources */ = {isa = PBXBuildFile; fileRef = 45028A921B1B535E00417606 /* VZHTTPResponseParser.m */; };
		45028ABA1B1B535E00417606 /* VZHTTPRunloopOperation.m in Sources */ = {isa = PBXBuildFile; fileRef = 45028A941B1B535E00417606 /* VZHTTPRunloopOperation.m */; };
		45028ABB1B1B535E00417606 /* VZHTTPURLConnectionOperation.m in Sources */ = {isa = PBXBuildFile; fileRef = 45028A961B1B535E00417606 /* VZHTTPURLConnectionOperation.m */; };
		45028ABC1B1B535E00417606 /* VZHTTPURLResponseCache.m in Sources */ = {isa = PBXBuildFile; fileRef = 45028A981B1B535E00417606 /* VZHTTPURLResponseCache.m */; };
		45028ABD1B1B535E00417606 /* VZHTTPURLResponseDataCache.m in Sources */ = {isa = PBXBuildFile; fileRef = 45028A9A1B1B535E00417606 /* VZHTTPURLResponseDataCache.m */; };
		45028ABE1B1B535E00417606 /* VZFooterViewFactory.m in Sources */ = {isa = PBXBuildFile; fileRef = 45028A9E1B1B535E00417606 /* VZFooterViewFactory.m */; };
		45028ABF1B1B535E00417606 /* VZListCell.m in Sources */ = {isa = PBXBuildFile; fileRef = 45028AA01B1B535E00417606 /* VZListCell.m */; };
		45028AC01B1B535E00417606 /* VZListDefaultErrorCell.m in Sources */ = {isa = PBXBuildFile; fileRef = 45028AA21B1B535E00417606 /* VZListDefaultErrorCell.m */; };
		45028AC11B1B535E00417606 /* VZListDefaultLoadingCell.m in Sources */ = {isa = PBXBuildFile; fileRef = 45028AA41B1B535E00417606 /* VZListDefaultLoadingCell.m */; };
		45028AC21B1B535E00417606 /* VZListDefaultTextCell.m in Sources */ = {isa = PBXBuildFile; fileRef = 45028AA61B1B535E00417606 /* VZListDefaultTextCell.m */; };
		45028AC71B1C753300417606 /* ETContainerViewController.m in Sources */ = {isa = PBXBuildFile; fileRef = 45028AC61B1C753300417606 /* ETContainerViewController.m */; };
		45028ACA1B1C755700417606 /* TPRootViewController.m in Sources */ = {isa = PBXBuildFile; fileRef = 45028AC91B1C755700417606 /* TPRootViewController.m */; };
		45028ACD1B1C75BB00417606 /* TPTabBarViewController.m in Sources */ = {isa = PBXBuildFile; fileRef = 45028ACC1B1C75BB00417606 /* TPTabBarViewController.m */; };
		45028AD11B1C764A00417606 /* TPUser.m in Sources */ = {isa = PBXBuildFile; fileRef = 45028AD01B1C764A00417606 /* TPUser.m */; };
		45028AD61B1C797C00417606 /* TPLoginViewController.m in Sources */ = {isa = PBXBuildFile; fileRef = 45028AD51B1C797C00417606 /* TPLoginViewController.m */; };
		45028AD91B1C79CA00417606 /* TPLoginManager.m in Sources */ = {isa = PBXBuildFile; fileRef = 45028AD81B1C79CA00417606 /* TPLoginManager.m */; };
		454781851B14234F00B4A24D /* TPTests.m in Sources */ = {isa = PBXBuildFile; fileRef = 454781841B14234F00B4A24D /* TPTests.m */; };
		459B24931B176A1C009BB189 /* AppDelegate.m in Sources */ = {isa = PBXBuildFile; fileRef = 459B24881B176A1C009BB189 /* AppDelegate.m */; };
		459B24941B176A1C009BB189 /* LaunchScreen.xib in Resources */ = {isa = PBXBuildFile; fileRef = 459B24891B176A1C009BB189 /* LaunchScreen.xib */; };
		459B24961B176A1C009BB189 /* Images.xcassets in Resources */ = {isa = PBXBuildFile; fileRef = 459B248D1B176A1C009BB189 /* Images.xcassets */; };
		459B24971B176A1C009BB189 /* Info.plist in Resources */ = {isa = PBXBuildFile; fileRef = 459B248E1B176A1C009BB189 /* Info.plist */; };
		459B24981B176A1C009BB189 /* main.m in Sources */ = {isa = PBXBuildFile; fileRef = 459B248F1B176A1C009BB189 /* main.m */; };
		F8222A959C0A9FAF043E6F48 /* libPods.a in Frameworks */ = {isa = PBXBuildFile; fileRef = 05280B7AED6003BF1F5B44F3 /* libPods.a */; };
/* End PBXBuildFile section */

/* Begin PBXContainerItemProxy section */
		4547817F1B14234F00B4A24D /* PBXContainerItemProxy */ = {
			isa = PBXContainerItemProxy;
			containerPortal = 4547815D1B14234F00B4A24D /* Project object */;
			proxyType = 1;
			remoteGlobalIDString = 454781641B14234F00B4A24D;
			remoteInfo = TP;
		};
/* End PBXContainerItemProxy section */

/* Begin PBXFileReference section */
		05280B7AED6003BF1F5B44F3 /* libPods.a */ = {isa = PBXFileReference; explicitFileType = archive.ar; includeInIndex = 0; path = libPods.a; sourceTree = BUILT_PRODUCTS_DIR; };
		45028A691B1B535E00417606 /* VZAFRequest.h */ = {isa = PBXFileReference; fileEncoding = 4; lastKnownFileType = sourcecode.c.h; path = VZAFRequest.h; sourceTree = "<group>"; };
		45028A6A1B1B535E00417606 /* VZAFRequest.m */ = {isa = PBXFileReference; fileEncoding = 4; lastKnownFileType = sourcecode.c.objc; path = VZAFRequest.m; sourceTree = "<group>"; };
		45028A6C1B1B535E00417606 /* VZListViewController.h */ = {isa = PBXFileReference; fileEncoding = 4; lastKnownFileType = sourcecode.c.h; path = VZListViewController.h; sourceTree = "<group>"; };
		45028A6D1B1B535E00417606 /* VZListViewController.m */ = {isa = PBXFileReference; fileEncoding = 4; lastKnownFileType = sourcecode.c.objc; path = VZListViewController.m; sourceTree = "<group>"; };
		45028A6E1B1B535E00417606 /* VZListViewDataSource.h */ = {isa = PBXFileReference; fileEncoding = 4; lastKnownFileType = sourcecode.c.h; path = VZListViewDataSource.h; sourceTree = "<group>"; };
		45028A6F1B1B535E00417606 /* VZListViewDataSource.m */ = {isa = PBXFileReference; fileEncoding = 4; lastKnownFileType = sourcecode.c.objc; path = VZListViewDataSource.m; sourceTree = "<group>"; };
		45028A701B1B535E00417606 /* VZListViewDelegate.h */ = {isa = PBXFileReference; fileEncoding = 4; lastKnownFileType = sourcecode.c.h; path = VZListViewDelegate.h; sourceTree = "<group>"; };
		45028A711B1B535E00417606 /* VZListViewDelegate.m */ = {isa = PBXFileReference; fileEncoding = 4; lastKnownFileType = sourcecode.c.objc; path = VZListViewDelegate.m; sourceTree = "<group>"; };
		45028A721B1B535E00417606 /* VZViewController.h */ = {isa = PBXFileReference; fileEncoding = 4; lastKnownFileType = sourcecode.c.h; path = VZViewController.h; sourceTree = "<group>"; };
		45028A731B1B535E00417606 /* VZViewController.m */ = {isa = PBXFileReference; fileEncoding = 4; lastKnownFileType = sourcecode.c.objc; path = VZViewController.m; sourceTree = "<group>"; };
		45028A751B1B535E00417606 /* VZHTTPListModel.h */ = {isa = PBXFileReference; fileEncoding = 4; lastKnownFileType = sourcecode.c.h; path = VZHTTPListModel.h; sourceTree = "<group>"; };
		45028A761B1B535E00417606 /* VZHTTPListModel.m */ = {isa = PBXFileReference; fileEncoding = 4; lastKnownFileType = sourcecode.c.objc; path = VZHTTPListModel.m; sourceTree = "<group>"; };
		45028A771B1B535E00417606 /* VZHTTPModel.h */ = {isa = PBXFileReference; fileEncoding = 4; lastKnownFileType = sourcecode.c.h; path = VZHTTPModel.h; sourceTree = "<group>"; };
		45028A781B1B535E00417606 /* VZHTTPModel.m */ = {isa = PBXFileReference; fileEncoding = 4; lastKnownFileType = sourcecode.c.objc; path = VZHTTPModel.m; sourceTree = "<group>"; };
		45028A791B1B535E00417606 /* VZHTTPNetworkConfig.h */ = {isa = PBXFileReference; fileEncoding = 4; lastKnownFileType = sourcecode.c.h; path = VZHTTPNetworkConfig.h; sourceTree = "<group>"; };
		45028A7A1B1B535E00417606 /* VZHTTPRequest.h */ = {isa = PBXFileReference; fileEncoding = 4; lastKnownFileType = sourcecode.c.h; path = VZHTTPRequest.h; sourceTree = "<group>"; };
		45028A7B1B1B535E00417606 /* VZHTTPRequest.m */ = {isa = PBXFileReference; fileEncoding = 4; lastKnownFileType = sourcecode.c.objc; path = VZHTTPRequest.m; sourceTree = "<group>"; };
		45028A7C1B1B535E00417606 /* VZHTTPRequestInterface.h */ = {isa = PBXFileReference; fileEncoding = 4; lastKnownFileType = sourcecode.c.h; path = VZHTTPRequestInterface.h; sourceTree = "<group>"; };
		45028A7D1B1B535E00417606 /* VZItem.h */ = {isa = PBXFileReference; fileEncoding = 4; lastKnownFileType = sourcecode.c.h; path = VZItem.h; sourceTree = "<group>"; };
		45028A7E1B1B535E00417606 /* VZItem.m */ = {isa = PBXFileReference; fileEncoding = 4; lastKnownFileType = sourcecode.c.objc; path = VZItem.m; sourceTree = "<group>"; };
		45028A7F1B1B535E00417606 /* VZListDefaultTextItem.h */ = {isa = PBXFileReference; fileEncoding = 4; lastKnownFileType = sourcecode.c.h; path = VZListDefaultTextItem.h; sourceTree = "<group>"; };
		45028A801B1B535E00417606 /* VZListDefaultTextItem.m */ = {isa = PBXFileReference; fileEncoding = 4; lastKnownFileType = sourcecode.c.objc; path = VZListDefaultTextItem.m; sourceTree = "<group>"; };
		45028A811B1B535E00417606 /* VZListItem.h */ = {isa = PBXFileReference; fileEncoding = 4; lastKnownFileType = sourcecode.c.h; path = VZListItem.h; sourceTree = "<group>"; };
		45028A821B1B535E00417606 /* VZListItem.m */ = {isa = PBXFileReference; fileEncoding = 4; lastKnownFileType = sourcecode.c.objc; path = VZListItem.m; sourceTree = "<group>"; };
		45028A831B1B535E00417606 /* VZModel.h */ = {isa = PBXFileReference; fileEncoding = 4; lastKnownFileType = sourcecode.c.h; path = VZModel.h; sourceTree = "<group>"; };
		45028A841B1B535E00417606 /* VZModel.m */ = {isa = PBXFileReference; fileEncoding = 4; lastKnownFileType = sourcecode.c.objc; path = VZModel.m; sourceTree = "<group>"; };
		45028A861B1B535E00417606 /* NSString+VZHTTPNetworkUtil.h */ = {isa = PBXFileReference; fileEncoding = 4; lastKnownFileType = sourcecode.c.h; path = "NSString+VZHTTPNetworkUtil.h"; sourceTree = "<group>"; };
		45028A871B1B535E00417606 /* NSString+VZHTTPNetworkUtil.m */ = {isa = PBXFileReference; fileEncoding = 4; lastKnownFileType = sourcecode.c.objc; path = "NSString+VZHTTPNetworkUtil.m"; sourceTree = "<group>"; };
		45028A881B1B535E00417606 /* VZHTTPConnectionOperation.h */ = {isa = PBXFileReference; fileEncoding = 4; lastKnownFileType = sourcecode.c.h; path = VZHTTPConnectionOperation.h; sourceTree = "<group>"; };
		45028A891B1B535E00417606 /* VZHTTPConnectionOperation.m */ = {isa = PBXFileReference; fileEncoding = 4; lastKnownFileType = sourcecode.c.objc; path = VZHTTPConnectionOperation.m; sourceTree = "<group>"; };
		45028A8A1B1B535E00417606 /* VZHTTPNetwork.h */ = {isa = PBXFileReference; fileEncoding = 4; lastKnownFileType = sourcecode.c.h; path = VZHTTPNetwork.h; sourceTree = "<group>"; };
		45028A8B1B1B535E00417606 /* VZHTTPNetworkAgent.h */ = {isa = PBXFileReference; fileEncoding = 4; lastKnownFileType = sourcecode.c.h; path = VZHTTPNetworkAgent.h; sourceTree = "<group>"; };
		45028A8C1B1B535E00417606 /* VZHTTPNetworkAgent.m */ = {isa = PBXFileReference; fileEncoding = 4; lastKnownFileType = sourcecode.c.objc; path = VZHTTPNetworkAgent.m; sourceTree = "<group>"; };
		45028A8D1B1B535E00417606 /* VZHTTPNetworkSecurity.h */ = {isa = PBXFileReference; fileEncoding = 4; lastKnownFileType = sourcecode.c.h; path = VZHTTPNetworkSecurity.h; sourceTree = "<group>"; };
		45028A8E1B1B535E00417606 /* VZHTTPNetworkSecurity.m */ = {isa = PBXFileReference; fileEncoding = 4; lastKnownFileType = sourcecode.c.objc; path = VZHTTPNetworkSecurity.m; sourceTree = "<group>"; };
		45028A8F1B1B535E00417606 /* VZHTTPRequestGenerator.h */ = {isa = PBXFileReference; fileEncoding = 4; lastKnownFileType = sourcecode.c.h; path = VZHTTPRequestGenerator.h; sourceTree = "<group>"; };
		45028A901B1B535E00417606 /* VZHTTPRequestGenerator.m */ = {isa = PBXFileReference; fileEncoding = 4; lastKnownFileType = sourcecode.c.objc; path = VZHTTPRequestGenerator.m; sourceTree = "<group>"; };
		45028A911B1B535E00417606 /* VZHTTPResponseParser.h */ = {isa = PBXFileReference; fileEncoding = 4; lastKnownFileType = sourcecode.c.h; path = VZHTTPResponseParser.h; sourceTree = "<group>"; };
		45028A921B1B535E00417606 /* VZHTTPResponseParser.m */ = {isa = PBXFileReference; fileEncoding = 4; lastKnownFileType = sourcecode.c.objc; path = VZHTTPResponseParser.m; sourceTree = "<group>"; };
		45028A931B1B535E00417606 /* VZHTTPRunloopOperation.h */ = {isa = PBXFileReference; fileEncoding = 4; lastKnownFileType = sourcecode.c.h; path = VZHTTPRunloopOperation.h; sourceTree = "<group>"; };
		45028A941B1B535E00417606 /* VZHTTPRunloopOperation.m */ = {isa = PBXFileReference; fileEncoding = 4; lastKnownFileType = sourcecode.c.objc; path = VZHTTPRunloopOperation.m; sourceTree = "<group>"; };
		45028A951B1B535E00417606 /* VZHTTPURLConnectionOperation.h */ = {isa = PBXFileReference; fileEncoding = 4; lastKnownFileType = sourcecode.c.h; path = VZHTTPURLConnectionOperation.h; sourceTree = "<group>"; };
		45028A961B1B535E00417606 /* VZHTTPURLConnectionOperation.m */ = {isa = PBXFileReference; fileEncoding = 4; lastKnownFileType = sourcecode.c.objc; path = VZHTTPURLConnectionOperation.m; sourceTree = "<group>"; };
		45028A971B1B535E00417606 /* VZHTTPURLResponseCache.h */ = {isa = PBXFileReference; fileEncoding = 4; lastKnownFileType = sourcecode.c.h; path = VZHTTPURLResponseCache.h; sourceTree = "<group>"; };
		45028A981B1B535E00417606 /* VZHTTPURLResponseCache.m */ = {isa = PBXFileReference; fileEncoding = 4; lastKnownFileType = sourcecode.c.objc; path = VZHTTPURLResponseCache.m; sourceTree = "<group>"; };
		45028A991B1B535E00417606 /* VZHTTPURLResponseDataCache.h */ = {isa = PBXFileReference; fileEncoding = 4; lastKnownFileType = sourcecode.c.h; path = VZHTTPURLResponseDataCache.h; sourceTree = "<group>"; };
		45028A9A1B1B535E00417606 /* VZHTTPURLResponseDataCache.m */ = {isa = PBXFileReference; fileEncoding = 4; lastKnownFileType = sourcecode.c.objc; path = VZHTTPURLResponseDataCache.m; sourceTree = "<group>"; };
		45028A9D1B1B535E00417606 /* VZFooterViewFactory.h */ = {isa = PBXFileReference; fileEncoding = 4; lastKnownFileType = sourcecode.c.h; path = VZFooterViewFactory.h; sourceTree = "<group>"; };
		45028A9E1B1B535E00417606 /* VZFooterViewFactory.m */ = {isa = PBXFileReference; fileEncoding = 4; lastKnownFileType = sourcecode.c.objc; path = VZFooterViewFactory.m; sourceTree = "<group>"; };
		45028A9F1B1B535E00417606 /* VZListCell.h */ = {isa = PBXFileReference; fileEncoding = 4; lastKnownFileType = sourcecode.c.h; path = VZListCell.h; sourceTree = "<group>"; };
		45028AA01B1B535E00417606 /* VZListCell.m */ = {isa = PBXFileReference; fileEncoding = 4; lastKnownFileType = sourcecode.c.objc; path = VZListCell.m; sourceTree = "<group>"; };
		45028AA11B1B535E00417606 /* VZListDefaultErrorCell.h */ = {isa = PBXFileReference; fileEncoding = 4; lastKnownFileType = sourcecode.c.h; path = VZListDefaultErrorCell.h; sourceTree = "<group>"; };
		45028AA21B1B535E00417606 /* VZListDefaultErrorCell.m */ = {isa = PBXFileReference; fileEncoding = 4; lastKnownFileType = sourcecode.c.objc; path = VZListDefaultErrorCell.m; sourceTree = "<group>"; };
		45028AA31B1B535E00417606 /* VZListDefaultLoadingCell.h */ = {isa = PBXFileReference; fileEncoding = 4; lastKnownFileType = sourcecode.c.h; path = VZListDefaultLoadingCell.h; sourceTree = "<group>"; };
		45028AA41B1B535E00417606 /* VZListDefaultLoadingCell.m */ = {isa = PBXFileReference; fileEncoding = 4; lastKnownFileType = sourcecode.c.objc; path = VZListDefaultLoadingCell.m; sourceTree = "<group>"; };
		45028AA51B1B535E00417606 /* VZListDefaultTextCell.h */ = {isa = PBXFileReference; fileEncoding = 4; lastKnownFileType = sourcecode.c.h; path = VZListDefaultTextCell.h; sourceTree = "<group>"; };
		45028AA61B1B535E00417606 /* VZListDefaultTextCell.m */ = {isa = PBXFileReference; fileEncoding = 4; lastKnownFileType = sourcecode.c.objc; path = VZListDefaultTextCell.m; sourceTree = "<group>"; };
		45028AA71B1B535E00417606 /* Vizzle.h */ = {isa = PBXFileReference; fileEncoding = 4; lastKnownFileType = sourcecode.c.h; path = Vizzle.h; sourceTree = "<group>"; };
		45028AC51B1C753300417606 /* ETContainerViewController.h */ = {isa = PBXFileReference; fileEncoding = 4; lastKnownFileType = sourcecode.c.h; path = ETContainerViewController.h; sourceTree = "<group>"; };
		45028AC61B1C753300417606 /* ETContainerViewController.m */ = {isa = PBXFileReference; fileEncoding = 4; lastKnownFileType = sourcecode.c.objc; path = ETContainerViewController.m; sourceTree = "<group>"; };
		45028AC81B1C755700417606 /* TPRootViewController.h */ = {isa = PBXFileReference; fileEncoding = 4; lastKnownFileType = sourcecode.c.h; path = TPRootViewController.h; sourceTree = "<group>"; };
		45028AC91B1C755700417606 /* TPRootViewController.m */ = {isa = PBXFileReference; fileEncoding = 4; lastKnownFileType = sourcecode.c.objc; path = TPRootViewController.m; sourceTree = "<group>"; };
		45028ACB1B1C75BB00417606 /* TPTabBarViewController.h */ = {isa = PBXFileReference; fileEncoding = 4; lastKnownFileType = sourcecode.c.h; path = TPTabBarViewController.h; sourceTree = "<group>"; };
		45028ACC1B1C75BB00417606 /* TPTabBarViewController.m */ = {isa = PBXFileReference; fileEncoding = 4; lastKnownFileType = sourcecode.c.objc; path = TPTabBarViewController.m; sourceTree = "<group>"; };
		45028ACF1B1C764A00417606 /* TPUser.h */ = {isa = PBXFileReference; fileEncoding = 4; lastKnownFileType = sourcecode.c.h; path = TPUser.h; sourceTree = "<group>"; };
		45028AD01B1C764A00417606 /* TPUser.m */ = {isa = PBXFileReference; fileEncoding = 4; lastKnownFileType = sourcecode.c.objc; path = TPUser.m; sourceTree = "<group>"; };
		45028AD21B1C76E200417606 /* TPHeader.h */ = {isa = PBXFileReference; fileEncoding = 4; lastKnownFileType = sourcecode.c.h; path = TPHeader.h; sourceTree = "<group>"; };
		45028AD41B1C797C00417606 /* TPLoginViewController.h */ = {isa = PBXFileReference; fileEncoding = 4; lastKnownFileType = sourcecode.c.h; path = TPLoginViewController.h; sourceTree = "<group>"; };
		45028AD51B1C797C00417606 /* TPLoginViewController.m */ = {isa = PBXFileReference; fileEncoding = 4; lastKnownFileType = sourcecode.c.objc; path = TPLoginViewController.m; sourceTree = "<group>"; };
		45028AD71B1C79CA00417606 /* TPLoginManager.h */ = {isa = PBXFileReference; fileEncoding = 4; lastKnownFileType = sourcecode.c.h; path = TPLoginManager.h; sourceTree = "<group>"; };
		45028AD81B1C79CA00417606 /* TPLoginManager.m */ = {isa = PBXFileReference; fileEncoding = 4; lastKnownFileType = sourcecode.c.objc; path = TPLoginManager.m; sourceTree = "<group>"; };
		454781651B14234F00B4A24D /* TP.app */ = {isa = PBXFileReference; explicitFileType = wrapper.application; includeInIndex = 0; path = TP.app; sourceTree = BUILT_PRODUCTS_DIR; };
		4547817E1B14234F00B4A24D /* TPTests.xctest */ = {isa = PBXFileReference; explicitFileType = wrapper.cfbundle; includeInIndex = 0; path = TPTests.xctest; sourceTree = BUILT_PRODUCTS_DIR; };
		454781831B14234F00B4A24D /* Info.plist */ = {isa = PBXFileReference; lastKnownFileType = text.plist.xml; path = Info.plist; sourceTree = "<group>"; };
		454781841B14234F00B4A24D /* TPTests.m */ = {isa = PBXFileReference; lastKnownFileType = sourcecode.c.objc; path = TPTests.m; sourceTree = "<group>"; };
		459B24871B176A1C009BB189 /* AppDelegate.h */ = {isa = PBXFileReference; fileEncoding = 4; lastKnownFileType = sourcecode.c.h; path = AppDelegate.h; sourceTree = "<group>"; };
		459B24881B176A1C009BB189 /* AppDelegate.m */ = {isa = PBXFileReference; fileEncoding = 4; lastKnownFileType = sourcecode.c.objc; path = AppDelegate.m; sourceTree = "<group>"; };
		459B248A1B176A1C009BB189 /* Base */ = {isa = PBXFileReference; lastKnownFileType = file.xib; name = Base; path = Base.lproj/LaunchScreen.xib; sourceTree = "<group>"; };
		459B248D1B176A1C009BB189 /* Images.xcassets */ = {isa = PBXFileReference; lastKnownFileType = folder.assetcatalog; path = Images.xcassets; sourceTree = "<group>"; };
		459B248E1B176A1C009BB189 /* Info.plist */ = {isa = PBXFileReference; fileEncoding = 4; lastKnownFileType = text.plist.xml; path = Info.plist; sourceTree = "<group>"; };
		459B248F1B176A1C009BB189 /* main.m */ = {isa = PBXFileReference; fileEncoding = 4; lastKnownFileType = sourcecode.c.objc; path = main.m; sourceTree = "<group>"; };
		459B25DB1B1819B2009BB189 /* TP.pch */ = {isa = PBXFileReference; fileEncoding = 4; lastKnownFileType = sourcecode.c.h; name = TP.pch; path = ../TP.pch; sourceTree = "<group>"; };
		459B267D1B1838E4009BB189 /* TPAssert.h */ = {isa = PBXFileReference; explicitFileType = sourcecode.cpp.h; fileEncoding = 4; path = TPAssert.h; sourceTree = "<group>"; };
		550D6DECC839DE03E8B42771 /* Pods.debug.xcconfig */ = {isa = PBXFileReference; includeInIndex = 1; lastKnownFileType = text.xcconfig; name = Pods.debug.xcconfig; path = "Pods/Target Support Files/Pods/Pods.debug.xcconfig"; sourceTree = "<group>"; };
		A30DA944BDB4496FCE4343C0 /* Pods.release.xcconfig */ = {isa = PBXFileReference; includeInIndex = 1; lastKnownFileType = text.xcconfig; name = Pods.release.xcconfig; path = "Pods/Target Support Files/Pods/Pods.release.xcconfig"; sourceTree = "<group>"; };
/* End PBXFileReference section */

/* Begin PBXFrameworksBuildPhase section */
		454781621B14234F00B4A24D /* Frameworks */ = {
			isa = PBXFrameworksBuildPhase;
			buildActionMask = 2147483647;
			files = (
				F8222A959C0A9FAF043E6F48 /* libPods.a in Frameworks */,
			);
			runOnlyForDeploymentPostprocessing = 0;
		};
		4547817B1B14234F00B4A24D /* Frameworks */ = {
			isa = PBXFrameworksBuildPhase;
			buildActionMask = 2147483647;
			files = (
			);
			runOnlyForDeploymentPostprocessing = 0;
		};
/* End PBXFrameworksBuildPhase section */

/* Begin PBXGroup section */
		45028A671B1B535E00417606 /* Vizzle */ = {
			isa = PBXGroup;
			children = (
				45028A681B1B535E00417606 /* adapter */,
				45028A6B1B1B535E00417606 /* controller */,
				45028A741B1B535E00417606 /* model */,
				45028A9B1B1B535E00417606 /* view */,
				45028AA71B1B535E00417606 /* Vizzle.h */,
			);
			path = Vizzle;
			sourceTree = "<group>";
		};
		45028A681B1B535E00417606 /* adapter */ = {
			isa = PBXGroup;
			children = (
				45028A691B1B535E00417606 /* VZAFRequest.h */,
				45028A6A1B1B535E00417606 /* VZAFRequest.m */,
			);
			path = adapter;
			sourceTree = "<group>";
		};
		45028A6B1B1B535E00417606 /* controller */ = {
			isa = PBXGroup;
			children = (
				45028A6C1B1B535E00417606 /* VZListViewController.h */,
				45028A6D1B1B535E00417606 /* VZListViewController.m */,
				45028A6E1B1B535E00417606 /* VZListViewDataSource.h */,
				45028A6F1B1B535E00417606 /* VZListViewDataSource.m */,
				45028A701B1B535E00417606 /* VZListViewDelegate.h */,
				45028A711B1B535E00417606 /* VZListViewDelegate.m */,
				45028A721B1B535E00417606 /* VZViewController.h */,
				45028A731B1B535E00417606 /* VZViewController.m */,
			);
			path = controller;
			sourceTree = "<group>";
		};
		45028A741B1B535E00417606 /* model */ = {
			isa = PBXGroup;
			children = (
				45028A751B1B535E00417606 /* VZHTTPListModel.h */,
				45028A761B1B535E00417606 /* VZHTTPListModel.m */,
				45028A771B1B535E00417606 /* VZHTTPModel.h */,
				45028A781B1B535E00417606 /* VZHTTPModel.m */,
				45028A791B1B535E00417606 /* VZHTTPNetworkConfig.h */,
				45028A7A1B1B535E00417606 /* VZHTTPRequest.h */,
				45028A7B1B1B535E00417606 /* VZHTTPRequest.m */,
				45028A7C1B1B535E00417606 /* VZHTTPRequestInterface.h */,
				45028A7D1B1B535E00417606 /* VZItem.h */,
				45028A7E1B1B535E00417606 /* VZItem.m */,
				45028A7F1B1B535E00417606 /* VZListDefaultTextItem.h */,
				45028A801B1B535E00417606 /* VZListDefaultTextItem.m */,
				45028A811B1B535E00417606 /* VZListItem.h */,
				45028A821B1B535E00417606 /* VZListItem.m */,
				45028A831B1B535E00417606 /* VZModel.h */,
				45028A841B1B535E00417606 /* VZModel.m */,
				45028A851B1B535E00417606 /* VZNetwork */,
			);
			path = model;
			sourceTree = "<group>";
		};
		45028A851B1B535E00417606 /* VZNetwork */ = {
			isa = PBXGroup;
			children = (
				45028A861B1B535E00417606 /* NSString+VZHTTPNetworkUtil.h */,
				45028A871B1B535E00417606 /* NSString+VZHTTPNetworkUtil.m */,
				45028A881B1B535E00417606 /* VZHTTPConnectionOperation.h */,
				45028A891B1B535E00417606 /* VZHTTPConnectionOperation.m */,
				45028A8A1B1B535E00417606 /* VZHTTPNetwork.h */,
				45028A8B1B1B535E00417606 /* VZHTTPNetworkAgent.h */,
				45028A8C1B1B535E00417606 /* VZHTTPNetworkAgent.m */,
				45028A8D1B1B535E00417606 /* VZHTTPNetworkSecurity.h */,
				45028A8E1B1B535E00417606 /* VZHTTPNetworkSecurity.m */,
				45028A8F1B1B535E00417606 /* VZHTTPRequestGenerator.h */,
				45028A901B1B535E00417606 /* VZHTTPRequestGenerator.m */,
				45028A911B1B535E00417606 /* VZHTTPResponseParser.h */,
				45028A921B1B535E00417606 /* VZHTTPResponseParser.m */,
				45028A931B1B535E00417606 /* VZHTTPRunloopOperation.h */,
				45028A941B1B535E00417606 /* VZHTTPRunloopOperation.m */,
				45028A951B1B535E00417606 /* VZHTTPURLConnectionOperation.h */,
				45028A961B1B535E00417606 /* VZHTTPURLConnectionOperation.m */,
				45028A971B1B535E00417606 /* VZHTTPURLResponseCache.h */,
				45028A981B1B535E00417606 /* VZHTTPURLResponseCache.m */,
				45028A991B1B535E00417606 /* VZHTTPURLResponseDataCache.h */,
				45028A9A1B1B535E00417606 /* VZHTTPURLResponseDataCache.m */,
			);
			path = VZNetwork;
			sourceTree = "<group>";
		};
		45028A9B1B1B535E00417606 /* view */ = {
			isa = PBXGroup;
			children = (
				45028A9C1B1B535E00417606 /* list */,
			);
			path = view;
			sourceTree = "<group>";
		};
		45028A9C1B1B535E00417606 /* list */ = {
			isa = PBXGroup;
			children = (
				45028A9D1B1B535E00417606 /* VZFooterViewFactory.h */,
				45028A9E1B1B535E00417606 /* VZFooterViewFactory.m */,
				45028A9F1B1B535E00417606 /* VZListCell.h */,
				45028AA01B1B535E00417606 /* VZListCell.m */,
				45028AA11B1B535E00417606 /* VZListDefaultErrorCell.h */,
				45028AA21B1B535E00417606 /* VZListDefaultErrorCell.m */,
				45028AA31B1B535E00417606 /* VZListDefaultLoadingCell.h */,
				45028AA41B1B535E00417606 /* VZListDefaultLoadingCell.m */,
				45028AA51B1B535E00417606 /* VZListDefaultTextCell.h */,
				45028AA61B1B535E00417606 /* VZListDefaultTextCell.m */,
			);
			path = list;
			sourceTree = "<group>";
		};
		45028AC31B1C753300417606 /* 业务 */ = {
			isa = PBXGroup;
			children = (
				45028AD31B1C773A00417606 /* 登录注册 */,
				45028ACE1B1C763900417606 /* 用户 */,
				45028AC41B1C753300417606 /* 容器 */,
			);
			path = "业务";
			sourceTree = "<group>";
		};
		45028AC41B1C753300417606 /* 容器 */ = {
			isa = PBXGroup;
			children = (
				45028AC51B1C753300417606 /* ETContainerViewController.h */,
				45028AC61B1C753300417606 /* ETContainerViewController.m */,
				45028AC81B1C755700417606 /* TPRootViewController.h */,
				45028AC91B1C755700417606 /* TPRootViewController.m */,
				45028ACB1B1C75BB00417606 /* TPTabBarViewController.h */,
				45028ACC1B1C75BB00417606 /* TPTabBarViewController.m */,
			);
			path = "容器";
			sourceTree = "<group>";
		};
		45028ACE1B1C763900417606 /* 用户 */ = {
			isa = PBXGroup;
			children = (
				45028ACF1B1C764A00417606 /* TPUser.h */,
				45028AD01B1C764A00417606 /* TPUser.m */,
				45028AD71B1C79CA00417606 /* TPLoginManager.h */,
				45028AD81B1C79CA00417606 /* TPLoginManager.m */,
			);
			path = "用户";
			sourceTree = "<group>";
		};
		45028AD31B1C773A00417606 /* 登录注册 */ = {
			isa = PBXGroup;
			children = (
				45028AD41B1C797C00417606 /* TPLoginViewController.h */,
				45028AD51B1C797C00417606 /* TPLoginViewController.m */,
			);
			path = "登录注册";
			sourceTree = "<group>";
		};
		4547815C1B14234F00B4A24D = {
			isa = PBXGroup;
			children = (
				459B24851B176A1C009BB189 /* TP */,
				454781811B14234F00B4A24D /* TPTests */,
				454781661B14234F00B4A24D /* Products */,
				C29DAF920504F51DD506A958 /* Pods */,
				9FFED9F51BE90EBDBF1336EA /* Frameworks */,
			);
			sourceTree = "<group>";
		};
		454781661B14234F00B4A24D /* Products */ = {
			isa = PBXGroup;
			children = (
				454781651B14234F00B4A24D /* TP.app */,
				4547817E1B14234F00B4A24D /* TPTests.xctest */,
			);
			name = Products;
			sourceTree = "<group>";
		};
		454781811B14234F00B4A24D /* TPTests */ = {
			isa = PBXGroup;
			children = (
				454781841B14234F00B4A24D /* TPTests.m */,
				454781821B14234F00B4A24D /* Supporting Files */,
			);
			path = TPTests;
			sourceTree = "<group>";
		};
		454781821B14234F00B4A24D /* Supporting Files */ = {
			isa = PBXGroup;
			children = (
				459B25DB1B1819B2009BB189 /* TP.pch */,
				454781831B14234F00B4A24D /* Info.plist */,
			);
			name = "Supporting Files";
			sourceTree = "<group>";
		};
		459B24851B176A1C009BB189 /* TP */ = {
			isa = PBXGroup;
			children = (
				45028AC31B1C753300417606 /* 业务 */,
				45028A671B1B535E00417606 /* Vizzle */,
				459B24871B176A1C009BB189 /* AppDelegate.h */,
				459B24881B176A1C009BB189 /* AppDelegate.m */,
				459B24891B176A1C009BB189 /* LaunchScreen.xib */,
				459B248D1B176A1C009BB189 /* Images.xcassets */,
				459B248E1B176A1C009BB189 /* Info.plist */,
				459B248F1B176A1C009BB189 /* main.m */,
				459B267D1B1838E4009BB189 /* TPAssert.h */,
				45028AD21B1C76E200417606 /* TPHeader.h */,
			);
			path = TP;
			sourceTree = "<group>";
		};
		9FFED9F51BE90EBDBF1336EA /* Frameworks */ = {
			isa = PBXGroup;
			children = (
				05280B7AED6003BF1F5B44F3 /* libPods.a */,
			);
			name = Frameworks;
			sourceTree = "<group>";
		};
		C29DAF920504F51DD506A958 /* Pods */ = {
			isa = PBXGroup;
			children = (
				550D6DECC839DE03E8B42771 /* Pods.debug.xcconfig */,
				A30DA944BDB4496FCE4343C0 /* Pods.release.xcconfig */,
			);
			name = Pods;
			sourceTree = "<group>";
		};
/* End PBXGroup section */

/* Begin PBXNativeTarget section */
		454781641B14234F00B4A24D /* TP */ = {
			isa = PBXNativeTarget;
			buildConfigurationList = 454781881B14234F00B4A24D /* Build configuration list for PBXNativeTarget "TP" */;
			buildPhases = (
				CC8754EE0D4014BF1455CB3C /* Check Pods Manifest.lock */,
				454781611B14234F00B4A24D /* Sources */,
				454781621B14234F00B4A24D /* Frameworks */,
				454781631B14234F00B4A24D /* Resources */,
				BFC36F02341613DFD66FA01F /* Copy Pods Resources */,
			);
			buildRules = (
			);
			dependencies = (
			);
			name = TP;
			productName = TP;
			productReference = 454781651B14234F00B4A24D /* TP.app */;
			productType = "com.apple.product-type.application";
		};
		4547817D1B14234F00B4A24D /* TPTests */ = {
			isa = PBXNativeTarget;
			buildConfigurationList = 4547818B1B14234F00B4A24D /* Build configuration list for PBXNativeTarget "TPTests" */;
			buildPhases = (
				4547817A1B14234F00B4A24D /* Sources */,
				4547817B1B14234F00B4A24D /* Frameworks */,
				4547817C1B14234F00B4A24D /* Resources */,
			);
			buildRules = (
			);
			dependencies = (
				454781801B14234F00B4A24D /* PBXTargetDependency */,
			);
			name = TPTests;
			productName = TPTests;
			productReference = 4547817E1B14234F00B4A24D /* TPTests.xctest */;
			productType = "com.apple.product-type.bundle.unit-test";
		};
/* End PBXNativeTarget section */

/* Begin PBXProject section */
		4547815D1B14234F00B4A24D /* Project object */ = {
			isa = PBXProject;
			attributes = {
				LastUpgradeCheck = 0630;
				ORGANIZATIONNAME = VizLab;
				TargetAttributes = {
					454781641B14234F00B4A24D = {
						CreatedOnToolsVersion = 6.3;
					};
					4547817D1B14234F00B4A24D = {
						CreatedOnToolsVersion = 6.3;
						TestTargetID = 454781641B14234F00B4A24D;
					};
				};
			};
			buildConfigurationList = 454781601B14234F00B4A24D /* Build configuration list for PBXProject "TP" */;
			compatibilityVersion = "Xcode 3.2";
			developmentRegion = English;
			hasScannedForEncodings = 0;
			knownRegions = (
				en,
				Base,
			);
			mainGroup = 4547815C1B14234F00B4A24D;
			productRefGroup = 454781661B14234F00B4A24D /* Products */;
			projectDirPath = "";
			projectRoot = "";
			targets = (
				454781641B14234F00B4A24D /* TP */,
				4547817D1B14234F00B4A24D /* TPTests */,
			);
		};
/* End PBXProject section */

/* Begin PBXResourcesBuildPhase section */
		454781631B14234F00B4A24D /* Resources */ = {
			isa = PBXResourcesBuildPhase;
			buildActionMask = 2147483647;
			files = (
				459B24961B176A1C009BB189 /* Images.xcassets in Resources */,
				459B24941B176A1C009BB189 /* LaunchScreen.xib in Resources */,
				459B24971B176A1C009BB189 /* Info.plist in Resources */,
			);
			runOnlyForDeploymentPostprocessing = 0;
		};
		4547817C1B14234F00B4A24D /* Resources */ = {
			isa = PBXResourcesBuildPhase;
			buildActionMask = 2147483647;
			files = (
			);
			runOnlyForDeploymentPostprocessing = 0;
		};
/* End PBXResourcesBuildPhase section */

/* Begin PBXShellScriptBuildPhase section */
		BFC36F02341613DFD66FA01F /* Copy Pods Resources */ = {
			isa = PBXShellScriptBuildPhase;
			buildActionMask = 2147483647;
			files = (
			);
			inputPaths = (
			);
			name = "Copy Pods Resources";
			outputPaths = (
			);
			runOnlyForDeploymentPostprocessing = 0;
			shellPath = /bin/sh;
			shellScript = "\"${SRCROOT}/Pods/Target Support Files/Pods/Pods-resources.sh\"\n";
			showEnvVarsInLog = 0;
		};
		CC8754EE0D4014BF1455CB3C /* Check Pods Manifest.lock */ = {
			isa = PBXShellScriptBuildPhase;
			buildActionMask = 2147483647;
			files = (
			);
			inputPaths = (
			);
			name = "Check Pods Manifest.lock";
			outputPaths = (
			);
			runOnlyForDeploymentPostprocessing = 0;
			shellPath = /bin/sh;
			shellScript = "diff \"${PODS_ROOT}/../Podfile.lock\" \"${PODS_ROOT}/Manifest.lock\" > /dev/null\nif [[ $? != 0 ]] ; then\n    cat << EOM\nerror: The sandbox is not in sync with the Podfile.lock. Run 'pod install' or update your CocoaPods installation.\nEOM\n    exit 1\nfi\n";
			showEnvVarsInLog = 0;
		};
/* End PBXShellScriptBuildPhase section */

/* Begin PBXSourcesBuildPhase section */
		454781611B14234F00B4A24D /* Sources */ = {
			isa = PBXSourcesBuildPhase;
			buildActionMask = 2147483647;
			files = (
				45028ABF1B1B535E00417606 /* VZListCell.m in Sources */,
				45028AB11B1B535E00417606 /* VZListDefaultTextItem.m in Sources */,
				45028AA91B1B535E00417606 /* VZListViewController.m in Sources */,
				45028AB41B1B535E00417606 /* NSString+VZHTTPNetworkUtil.m in Sources */,
				45028AAB1B1B535E00417606 /* VZListViewDelegate.m in Sources */,
				45028ABE1B1B535E00417606 /* VZFooterViewFactory.m in Sources */,
				45028AC71B1C753300417606 /* ETContainerViewController.m in Sources */,
				45028AB51B1B535E00417606 /* VZHTTPConnectionOperation.m in Sources */,
				45028AAF1B1B535E00417606 /* VZHTTPRequest.m in Sources */,
				45028ABD1B1B535E00417606 /* VZHTTPURLResponseDataCache.m in Sources */,
				45028AD61B1C797C00417606 /* TPLoginViewController.m in Sources */,
				45028AD11B1C764A00417606 /* TPUser.m in Sources */,
				45028AA81B1B535E00417606 /* VZAFRequest.m in Sources */,
				45028AC11B1B535E00417606 /* VZListDefaultLoadingCell.m in Sources */,
				45028AB61B1B535E00417606 /* VZHTTPNetworkAgent.m in Sources */,
				45028ABC1B1B535E00417606 /* VZHTTPURLResponseCache.m in Sources */,
				45028AD91B1C79CA00417606 /* TPLoginManager.m in Sources */,
				45028AB21B1B535E00417606 /* VZListItem.m in Sources */,
				45028ABB1B1B535E00417606 /* VZHTTPURLConnectionOperation.m in Sources */,
				45028AAD1B1B535E00417606 /* VZHTTPListModel.m in Sources */,
				45028AB71B1B535E00417606 /* VZHTTPNetworkSecurity.m in Sources */,
				45028AB31B1B535E00417606 /* VZModel.m in Sources */,
				45028AC01B1B535E00417606 /* VZListDefaultErrorCell.m in Sources */,
				45028ACD1B1C75BB00417606 /* TPTabBarViewController.m in Sources */,
				45028AB91B1B535E00417606 /* VZHTTPResponseParser.m in Sources */,
				45028AB01B1B535E00417606 /* VZItem.m in Sources */,
				45028AC21B1B535E00417606 /* VZListDefaultTextCell.m in Sources */,
				45028ACA1B1C755700417606 /* TPRootViewController.m in Sources */,
				45028AAE1B1B535E00417606 /* VZHTTPModel.m in Sources */,
				45028AB81B1B535E00417606 /* VZHTTPRequestGenerator.m in Sources */,
				45028ABA1B1B535E00417606 /* VZHTTPRunloopOperation.m in Sources */,
				45028AAC1B1B535E00417606 /* VZViewController.m in Sources */,
				45028AAA1B1B535E00417606 /* VZListViewDataSource.m in Sources */,
				459B24981B176A1C009BB189 /* main.m in Sources */,
				459B24931B176A1C009BB189 /* AppDelegate.m in Sources */,
			);
			runOnlyForDeploymentPostprocessing = 0;
		};
		4547817A1B14234F00B4A24D /* Sources */ = {
			isa = PBXSourcesBuildPhase;
			buildActionMask = 2147483647;
			files = (
				454781851B14234F00B4A24D /* TPTests.m in Sources */,
			);
			runOnlyForDeploymentPostprocessing = 0;
		};
/* End PBXSourcesBuildPhase section */

/* Begin PBXTargetDependency section */
		454781801B14234F00B4A24D /* PBXTargetDependency */ = {
			isa = PBXTargetDependency;
			target = 454781641B14234F00B4A24D /* TP */;
			targetProxy = 4547817F1B14234F00B4A24D /* PBXContainerItemProxy */;
		};
/* End PBXTargetDependency section */

/* Begin PBXVariantGroup section */
		459B24891B176A1C009BB189 /* LaunchScreen.xib */ = {
			isa = PBXVariantGroup;
			children = (
				459B248A1B176A1C009BB189 /* Base */,
			);
			name = LaunchScreen.xib;
			sourceTree = "<group>";
		};
/* End PBXVariantGroup section */

/* Begin XCBuildConfiguration section */
		454781861B14234F00B4A24D /* Debug */ = {
			isa = XCBuildConfiguration;
			buildSettings = {
				ALWAYS_SEARCH_USER_PATHS = NO;
				CLANG_CXX_LANGUAGE_STANDARD = "gnu++0x";
				CLANG_CXX_LIBRARY = "libc++";
				CLANG_ENABLE_MODULES = YES;
				CLANG_ENABLE_OBJC_ARC = YES;
				CLANG_WARN_BOOL_CONVERSION = YES;
				CLANG_WARN_CONSTANT_CONVERSION = YES;
				CLANG_WARN_DIRECT_OBJC_ISA_USAGE = YES_ERROR;
				CLANG_WARN_EMPTY_BODY = YES;
				CLANG_WARN_ENUM_CONVERSION = YES;
				CLANG_WARN_INT_CONVERSION = YES;
				CLANG_WARN_OBJC_ROOT_CLASS = YES_ERROR;
				CLANG_WARN_UNREACHABLE_CODE = YES;
				CLANG_WARN__DUPLICATE_METHOD_MATCH = YES;
				"CODE_SIGN_IDENTITY[sdk=iphoneos*]" = "iPhone Developer";
				COPY_PHASE_STRIP = NO;
				DEBUG_INFORMATION_FORMAT = "dwarf-with-dsym";
				ENABLE_STRICT_OBJC_MSGSEND = YES;
				GCC_C_LANGUAGE_STANDARD = gnu99;
				GCC_DYNAMIC_NO_PIC = NO;
				GCC_INPUT_FILETYPE = automatic;
				GCC_NO_COMMON_BLOCKS = YES;
				GCC_OPTIMIZATION_LEVEL = 0;
				GCC_PRECOMPILE_PREFIX_HEADER = YES;
				GCC_PREPROCESSOR_DEFINITIONS = (
					"DEBUG=1",
					"$(inherited)",
				);
				GCC_SYMBOLS_PRIVATE_EXTERN = NO;
				GCC_WARN_64_TO_32_BIT_CONVERSION = YES;
				GCC_WARN_ABOUT_RETURN_TYPE = YES_ERROR;
				GCC_WARN_UNDECLARED_SELECTOR = YES;
				GCC_WARN_UNINITIALIZED_AUTOS = YES_AGGRESSIVE;
				GCC_WARN_UNUSED_FUNCTION = YES;
				GCC_WARN_UNUSED_VARIABLE = YES;
				IPHONEOS_DEPLOYMENT_TARGET = 8.3;
				MTL_ENABLE_DEBUG_INFO = YES;
				ONLY_ACTIVE_ARCH = YES;
				SDKROOT = iphoneos;
			};
			name = Debug;
		};
		454781871B14234F00B4A24D /* Release */ = {
			isa = XCBuildConfiguration;
			buildSettings = {
				ALWAYS_SEARCH_USER_PATHS = NO;
				CLANG_CXX_LANGUAGE_STANDARD = "gnu++0x";
				CLANG_CXX_LIBRARY = "libc++";
				CLANG_ENABLE_MODULES = YES;
				CLANG_ENABLE_OBJC_ARC = YES;
				CLANG_WARN_BOOL_CONVERSION = YES;
				CLANG_WARN_CONSTANT_CONVERSION = YES;
				CLANG_WARN_DIRECT_OBJC_ISA_USAGE = YES_ERROR;
				CLANG_WARN_EMPTY_BODY = YES;
				CLANG_WARN_ENUM_CONVERSION = YES;
				CLANG_WARN_INT_CONVERSION = YES;
				CLANG_WARN_OBJC_ROOT_CLASS = YES_ERROR;
				CLANG_WARN_UNREACHABLE_CODE = YES;
				CLANG_WARN__DUPLICATE_METHOD_MATCH = YES;
				"CODE_SIGN_IDENTITY[sdk=iphoneos*]" = "iPhone Developer";
				COPY_PHASE_STRIP = NO;
				DEBUG_INFORMATION_FORMAT = "dwarf-with-dsym";
				ENABLE_NS_ASSERTIONS = NO;
				ENABLE_STRICT_OBJC_MSGSEND = YES;
				GCC_C_LANGUAGE_STANDARD = gnu99;
				GCC_INPUT_FILETYPE = automatic;
				GCC_NO_COMMON_BLOCKS = YES;
				GCC_PRECOMPILE_PREFIX_HEADER = YES;
				GCC_WARN_64_TO_32_BIT_CONVERSION = YES;
				GCC_WARN_ABOUT_RETURN_TYPE = YES_ERROR;
				GCC_WARN_UNDECLARED_SELECTOR = YES;
				GCC_WARN_UNINITIALIZED_AUTOS = YES_AGGRESSIVE;
				GCC_WARN_UNUSED_FUNCTION = YES;
				GCC_WARN_UNUSED_VARIABLE = YES;
				IPHONEOS_DEPLOYMENT_TARGET = 8.3;
				MTL_ENABLE_DEBUG_INFO = NO;
				SDKROOT = iphoneos;
				VALIDATE_PRODUCT = YES;
			};
			name = Release;
		};
		454781891B14234F00B4A24D /* Debug */ = {
			isa = XCBuildConfiguration;
			baseConfigurationReference = 550D6DECC839DE03E8B42771 /* Pods.debug.xcconfig */;
			buildSettings = {
				ASSETCATALOG_COMPILER_APPICON_NAME = AppIcon;
				GCC_PRECOMPILE_PREFIX_HEADER = YES;
				GCC_PREFIX_HEADER = TP.pch;
				INFOPLIST_FILE = TP/Info.plist;
				LD_RUNPATH_SEARCH_PATHS = "$(inherited) @executable_path/Frameworks";
				PRODUCT_NAME = "$(TARGET_NAME)";
			};
			name = Debug;
		};
		4547818A1B14234F00B4A24D /* Release */ = {
			isa = XCBuildConfiguration;
			baseConfigurationReference = A30DA944BDB4496FCE4343C0 /* Pods.release.xcconfig */;
			buildSettings = {
				ASSETCATALOG_COMPILER_APPICON_NAME = AppIcon;
				GCC_PRECOMPILE_PREFIX_HEADER = YES;
				GCC_PREFIX_HEADER = TP.pch;
				INFOPLIST_FILE = TP/Info.plist;
				LD_RUNPATH_SEARCH_PATHS = "$(inherited) @executable_path/Frameworks";
				PRODUCT_NAME = "$(TARGET_NAME)";
			};
			name = Release;
		};
		4547818C1B14234F00B4A24D /* Debug */ = {
			isa = XCBuildConfiguration;
			buildSettings = {
				BUNDLE_LOADER = "$(TEST_HOST)";
				FRAMEWORK_SEARCH_PATHS = (
					"$(SDKROOT)/Developer/Library/Frameworks",
					"$(inherited)",
				);
				GCC_PREPROCESSOR_DEFINITIONS = (
					"DEBUG=1",
					"$(inherited)",
				);
				INFOPLIST_FILE = TPTests/Info.plist;
				LD_RUNPATH_SEARCH_PATHS = "$(inherited) @executable_path/Frameworks @loader_path/Frameworks";
				PRODUCT_NAME = "$(TARGET_NAME)";
				TEST_HOST = "$(BUILT_PRODUCTS_DIR)/TP.app/TP";
			};
			name = Debug;
		};
		4547818D1B14234F00B4A24D /* Release */ = {
			isa = XCBuildConfiguration;
			buildSettings = {
				BUNDLE_LOADER = "$(TEST_HOST)";
				FRAMEWORK_SEARCH_PATHS = (
					"$(SDKROOT)/Developer/Library/Frameworks",
					"$(inherited)",
				);
				INFOPLIST_FILE = TPTests/Info.plist;
				LD_RUNPATH_SEARCH_PATHS = "$(inherited) @executable_path/Frameworks @loader_path/Frameworks";
				PRODUCT_NAME = "$(TARGET_NAME)";
				TEST_HOST = "$(BUILT_PRODUCTS_DIR)/TP.app/TP";
			};
			name = Release;
		};
/* End XCBuildConfiguration section */

/* Begin XCConfigurationList section */
		454781601B14234F00B4A24D /* Build configuration list for PBXProject "TP" */ = {
			isa = XCConfigurationList;
			buildConfigurations = (
				454781861B14234F00B4A24D /* Debug */,
				454781871B14234F00B4A24D /* Release */,
			);
			defaultConfigurationIsVisible = 0;
			defaultConfigurationName = Release;
		};
		454781881B14234F00B4A24D /* Build configuration list for PBXNativeTarget "TP" */ = {
			isa = XCConfigurationList;
			buildConfigurations = (
				454781891B14234F00B4A24D /* Debug */,
				4547818A1B14234F00B4A24D /* Release */,
			);
			defaultConfigurationIsVisible = 0;
			defaultConfigurationName = Release;
		};
		4547818B1B14234F00B4A24D /* Build configuration list for PBXNativeTarget "TPTests" */ = {
			isa = XCConfigurationList;
			buildConfigurations = (
				4547818C1B14234F00B4A24D /* Debug */,
				4547818D1B14234F00B4A24D /* Release */,
			);
			defaultConfigurationIsVisible = 0;
			defaultConfigurationName = Release;
		};
/* End XCConfigurationList section */
	};
	rootObject = 4547815D1B14234F00B4A24D /* Project object */;
}
