// !$*UTF8*$!
{
	archiveVersion = 1;
	classes = {
	};
	objectVersion = 46;
	objects = {

/* Begin PBXBuildFile section */
		454781851B14234F00B4A24D /* TPTests.m in Sources */ = {isa = PBXBuildFile; fileRef = 454781841B14234F00B4A24D /* TPTests.m */; };
		459B24931B176A1C009BB189 /* AppDelegate.m in Sources */ = {isa = PBXBuildFile; fileRef = 459B24881B176A1C009BB189 /* AppDelegate.m */; };
		459B24941B176A1C009BB189 /* LaunchScreen.xib in Resources */ = {isa = PBXBuildFile; fileRef = 459B24891B176A1C009BB189 /* LaunchScreen.xib */; };
		459B24951B176A1C009BB189 /* Main.storyboard in Resources */ = {isa = PBXBuildFile; fileRef = 459B248B1B176A1C009BB189 /* Main.storyboard */; };
		459B24961B176A1C009BB189 /* Images.xcassets in Resources */ = {isa = PBXBuildFile; fileRef = 459B248D1B176A1C009BB189 /* Images.xcassets */; };
		459B24971B176A1C009BB189 /* Info.plist in Resources */ = {isa = PBXBuildFile; fileRef = 459B248E1B176A1C009BB189 /* Info.plist */; };
		459B24981B176A1C009BB189 /* main.m in Sources */ = {isa = PBXBuildFile; fileRef = 459B248F1B176A1C009BB189 /* main.m */; };
		459B24991B176A1C009BB189 /* ViewController.m in Sources */ = {isa = PBXBuildFile; fileRef = 459B24911B176A1C009BB189 /* ViewController.m */; };
		F8222A959C0A9FAF043E6F48 /* libPods.a in Frameworks */ = {isa = PBXBuildFile; fileRef = 05280B7AED6003BF1F5B44F3 /* libPods.a */; };
/* End PBXBuildFile section */

/* Begin PBXContainerItemProxy section */
		4547817F1B14234F00B4A24D /* PBXContainerItemProxy */ = {
			isa = PBXContainerItemProxy;
			containerPortal = 4547815D1B14234F00B4A24D /* Project object */;
			proxyType = 1;
			remoteGlobalIDString = 454781641B14234F00B4A24D;
			remoteInfo = TP;
		};
/* End PBXContainerItemProxy section */

/* Begin PBXFileReference section */
		05280B7AED6003BF1F5B44F3 /* libPods.a */ = {isa = PBXFileReference; explicitFileType = archive.ar; includeInIndex = 0; path = libPods.a; sourceTree = BUILT_PRODUCTS_DIR; };
		454781651B14234F00B4A24D /* TP.app */ = {isa = PBXFileReference; explicitFileType = wrapper.application; includeInIndex = 0; path = TP.app; sourceTree = BUILT_PRODUCTS_DIR; };
		4547817E1B14234F00B4A24D /* TPTests.xctest */ = {isa = PBXFileReference; explicitFileType = wrapper.cfbundle; includeInIndex = 0; path = TPTests.xctest; sourceTree = BUILT_PRODUCTS_DIR; };
		454781831B14234F00B4A24D /* Info.plist */ = {isa = PBXFileReference; lastKnownFileType = text.plist.xml; path = Info.plist; sourceTree = "<group>"; };
		454781841B14234F00B4A24D /* TPTests.m */ = {isa = PBXFileReference; lastKnownFileType = sourcecode.c.objc; path = TPTests.m; sourceTree = "<group>"; };
		459B24871B176A1C009BB189 /* AppDelegate.h */ = {isa = PBXFileReference; fileEncoding = 4; lastKnownFileType = sourcecode.c.h; path = AppDelegate.h; sourceTree = "<group>"; };
		459B24881B176A1C009BB189 /* AppDelegate.m */ = {isa = PBXFileReference; fileEncoding = 4; lastKnownFileType = sourcecode.c.objc; path = AppDelegate.m; sourceTree = "<group>"; };
		459B248A1B176A1C009BB189 /* Base */ = {isa = PBXFileReference; lastKnownFileType = file.xib; name = Base; path = Base.lproj/LaunchScreen.xib; sourceTree = "<group>"; };
		459B248C1B176A1C009BB189 /* Base */ = {isa = PBXFileReference; lastKnownFileType = file.storyboard; name = Base; path = Base.lproj/Main.storyboard; sourceTree = "<group>"; };
		459B248D1B176A1C009BB189 /* Images.xcassets */ = {isa = PBXFileReference; lastKnownFileType = folder.assetcatalog; path = Images.xcassets; sourceTree = "<group>"; };
		459B248E1B176A1C009BB189 /* Info.plist */ = {isa = PBXFileReference; fileEncoding = 4; lastKnownFileType = text.plist.xml; path = Info.plist; sourceTree = "<group>"; };
		459B248F1B176A1C009BB189 /* main.m */ = {isa = PBXFileReference; fileEncoding = 4; lastKnownFileType = sourcecode.c.objc; path = main.m; sourceTree = "<group>"; };
		459B24901B176A1C009BB189 /* ViewController.h */ = {isa = PBXFileReference; fileEncoding = 4; lastKnownFileType = sourcecode.c.h; path = ViewController.h; sourceTree = "<group>"; };
		459B24911B176A1C009BB189 /* ViewController.m */ = {isa = PBXFileReference; fileEncoding = 4; lastKnownFileType = sourcecode.c.objc; path = ViewController.m; sourceTree = "<group>"; };
		550D6DECC839DE03E8B42771 /* Pods.debug.xcconfig */ = {isa = PBXFileReference; includeInIndex = 1; lastKnownFileType = text.xcconfig; name = Pods.debug.xcconfig; path = "Pods/Target Support Files/Pods/Pods.debug.xcconfig"; sourceTree = "<group>"; };
		A30DA944BDB4496FCE4343C0 /* Pods.release.xcconfig */ = {isa = PBXFileReference; includeInIndex = 1; lastKnownFileType = text.xcconfig; name = Pods.release.xcconfig; path = "Pods/Target Support Files/Pods/Pods.release.xcconfig"; sourceTree = "<group>"; };
/* End PBXFileReference section */

/* Begin PBXFrameworksBuildPhase section */
		454781621B14234F00B4A24D /* Frameworks */ = {
			isa = PBXFrameworksBuildPhase;
			buildActionMask = 2147483647;
			files = (
				F8222A959C0A9FAF043E6F48 /* libPods.a in Frameworks */,
			);
			runOnlyForDeploymentPostprocessing = 0;
		};
		4547817B1B14234F00B4A24D /* Frameworks */ = {
			isa = PBXFrameworksBuildPhase;
			buildActionMask = 2147483647;
			files = (
			);
			runOnlyForDeploymentPostprocessing = 0;
		};
/* End PBXFrameworksBuildPhase section */

/* Begin PBXGroup section */
		4547815C1B14234F00B4A24D = {
			isa = PBXGroup;
			children = (
				459B24851B176A1C009BB189 /* TP */,
				454781811B14234F00B4A24D /* TPTests */,
				454781661B14234F00B4A24D /* Products */,
				C29DAF920504F51DD506A958 /* Pods */,
				9FFED9F51BE90EBDBF1336EA /* Frameworks */,
			);
			sourceTree = "<group>";
		};
		454781661B14234F00B4A24D /* Products */ = {
			isa = PBXGroup;
			children = (
				454781651B14234F00B4A24D /* TP.app */,
				4547817E1B14234F00B4A24D /* TPTests.xctest */,
			);
			name = Products;
			sourceTree = "<group>";
		};
		454781811B14234F00B4A24D /* TPTests */ = {
			isa = PBXGroup;
			children = (
				454781841B14234F00B4A24D /* TPTests.m */,
				454781821B14234F00B4A24D /* Supporting Files */,
			);
			path = TPTests;
			sourceTree = "<group>";
		};
		454781821B14234F00B4A24D /* Supporting Files */ = {
			isa = PBXGroup;
			children = (
				454781831B14234F00B4A24D /* Info.plist */,
			);
			name = "Supporting Files";
			sourceTree = "<group>";
		};
		459B24851B176A1C009BB189 /* TP */ = {
			isa = PBXGroup;
			children = (
				459B24871B176A1C009BB189 /* AppDelegate.h */,
				459B24881B176A1C009BB189 /* AppDelegate.m */,
				459B24891B176A1C009BB189 /* LaunchScreen.xib */,
				459B248B1B176A1C009BB189 /* Main.storyboard */,
				459B248D1B176A1C009BB189 /* Images.xcassets */,
				459B248E1B176A1C009BB189 /* Info.plist */,
				459B248F1B176A1C009BB189 /* main.m */,
				459B24901B176A1C009BB189 /* ViewController.h */,
				459B24911B176A1C009BB189 /* ViewController.m */,
			);
			path = TP;
			sourceTree = "<group>";
		};
		9FFED9F51BE90EBDBF1336EA /* Frameworks */ = {
			isa = PBXGroup;
			children = (
				05280B7AED6003BF1F5B44F3 /* libPods.a */,
			);
			name = Frameworks;
			sourceTree = "<group>";
		};
		C29DAF920504F51DD506A958 /* Pods */ = {
			isa = PBXGroup;
			children = (
				550D6DECC839DE03E8B42771 /* Pods.debug.xcconfig */,
				A30DA944BDB4496FCE4343C0 /* Pods.release.xcconfig */,
			);
			name = Pods;
			sourceTree = "<group>";
		};
/* End PBXGroup section */

/* Begin PBXNativeTarget section */
		454781641B14234F00B4A24D /* TP */ = {
			isa = PBXNativeTarget;
			buildConfigurationList = 454781881B14234F00B4A24D /* Build configuration list for PBXNativeTarget "TP" */;
			buildPhases = (
				CC8754EE0D4014BF1455CB3C /* Check Pods Manifest.lock */,
				454781611B14234F00B4A24D /* Sources */,
				454781621B14234F00B4A24D /* Frameworks */,
				454781631B14234F00B4A24D /* Resources */,
				BFC36F02341613DFD66FA01F /* Copy Pods Resources */,
			);
			buildRules = (
			);
			dependencies = (
			);
			name = TP;
			productName = TP;
			productReference = 454781651B14234F00B4A24D /* TP.app */;
			productType = "com.apple.product-type.application";
		};
		4547817D1B14234F00B4A24D /* TPTests */ = {
			isa = PBXNativeTarget;
			buildConfigurationList = 4547818B1B14234F00B4A24D /* Build configuration list for PBXNativeTarget "TPTests" */;
			buildPhases = (
				4547817A1B14234F00B4A24D /* Sources */,
				4547817B1B14234F00B4A24D /* Frameworks */,
				4547817C1B14234F00B4A24D /* Resources */,
			);
			buildRules = (
			);
			dependencies = (
				454781801B14234F00B4A24D /* PBXTargetDependency */,
			);
			name = TPTests;
			productName = TPTests;
			productReference = 4547817E1B14234F00B4A24D /* TPTests.xctest */;
			productType = "com.apple.product-type.bundle.unit-test";
		};
/* End PBXNativeTarget section */

/* Begin PBXProject section */
		4547815D1B14234F00B4A24D /* Project object */ = {
			isa = PBXProject;
			attributes = {
				LastUpgradeCheck = 0630;
				ORGANIZATIONNAME = VizLab;
				TargetAttributes = {
					454781641B14234F00B4A24D = {
						CreatedOnToolsVersion = 6.3;
					};
					4547817D1B14234F00B4A24D = {
						CreatedOnToolsVersion = 6.3;
						TestTargetID = 454781641B14234F00B4A24D;
					};
				};
			};
			buildConfigurationList = 454781601B14234F00B4A24D /* Build configuration list for PBXProject "TP" */;
			compatibilityVersion = "Xcode 3.2";
			developmentRegion = English;
			hasScannedForEncodings = 0;
			knownRegions = (
				en,
				Base,
			);
			mainGroup = 4547815C1B14234F00B4A24D;
			productRefGroup = 454781661B14234F00B4A24D /* Products */;
			projectDirPath = "";
			projectRoot = "";
			targets = (
				454781641B14234F00B4A24D /* TP */,
				4547817D1B14234F00B4A24D /* TPTests */,
			);
		};
/* End PBXProject section */

/* Begin PBXResourcesBuildPhase section */
		454781631B14234F00B4A24D /* Resources */ = {
			isa = PBXResourcesBuildPhase;
			buildActionMask = 2147483647;
			files = (
				459B24951B176A1C009BB189 /* Main.storyboard in Resources */,
				459B24961B176A1C009BB189 /* Images.xcassets in Resources */,
				459B24941B176A1C009BB189 /* LaunchScreen.xib in Resources */,
				459B24971B176A1C009BB189 /* Info.plist in Resources */,
			);
			runOnlyForDeploymentPostprocessing = 0;
		};
		4547817C1B14234F00B4A24D /* Resources */ = {
			isa = PBXResourcesBuildPhase;
			buildActionMask = 2147483647;
			files = (
			);
			runOnlyForDeploymentPostprocessing = 0;
		};
/* End PBXResourcesBuildPhase section */

/* Begin PBXShellScriptBuildPhase section */
		BFC36F02341613DFD66FA01F /* Copy Pods Resources */ = {
			isa = PBXShellScriptBuildPhase;
			buildActionMask = 2147483647;
			files = (
			);
			inputPaths = (
			);
			name = "Copy Pods Resources";
			outputPaths = (
			);
			runOnlyForDeploymentPostprocessing = 0;
			shellPath = /bin/sh;
			shellScript = "\"${SRCROOT}/Pods/Target Support Files/Pods/Pods-resources.sh\"\n";
			showEnvVarsInLog = 0;
		};
		CC8754EE0D4014BF1455CB3C /* Check Pods Manifest.lock */ = {
			isa = PBXShellScriptBuildPhase;
			buildActionMask = 2147483647;
			files = (
			);
			inputPaths = (
			);
			name = "Check Pods Manifest.lock";
			outputPaths = (
			);
			runOnlyForDeploymentPostprocessing = 0;
			shellPath = /bin/sh;
			shellScript = "diff \"${PODS_ROOT}/../Podfile.lock\" \"${PODS_ROOT}/Manifest.lock\" > /dev/null\nif [[ $? != 0 ]] ; then\n    cat << EOM\nerror: The sandbox is not in sync with the Podfile.lock. Run 'pod install' or update your CocoaPods installation.\nEOM\n    exit 1\nfi\n";
			showEnvVarsInLog = 0;
		};
/* End PBXShellScriptBuildPhase section */

/* Begin PBXSourcesBuildPhase section */
		454781611B14234F00B4A24D /* Sources */ = {
			isa = PBXSourcesBuildPhase;
			buildActionMask = 2147483647;
			files = (
				459B24991B176A1C009BB189 /* ViewController.m in Sources */,
				459B24981B176A1C009BB189 /* main.m in Sources */,
				459B24931B176A1C009BB189 /* AppDelegate.m in Sources */,
			);
			runOnlyForDeploymentPostprocessing = 0;
		};
		4547817A1B14234F00B4A24D /* Sources */ = {
			isa = PBXSourcesBuildPhase;
			buildActionMask = 2147483647;
			files = (
				454781851B14234F00B4A24D /* TPTests.m in Sources */,
			);
			runOnlyForDeploymentPostprocessing = 0;
		};
/* End PBXSourcesBuildPhase section */

/* Begin PBXTargetDependency section */
		454781801B14234F00B4A24D /* PBXTargetDependency */ = {
			isa = PBXTargetDependency;
			target = 454781641B14234F00B4A24D /* TP */;
			targetProxy = 4547817F1B14234F00B4A24D /* PBXContainerItemProxy */;
		};
/* End PBXTargetDependency section */

/* Begin PBXVariantGroup section */
		459B24891B176A1C009BB189 /* LaunchScreen.xib */ = {
			isa = PBXVariantGroup;
			children = (
				459B248A1B176A1C009BB189 /* Base */,
			);
			name = LaunchScreen.xib;
			sourceTree = "<group>";
		};
		459B248B1B176A1C009BB189 /* Main.storyboard */ = {
			isa = PBXVariantGroup;
			children = (
				459B248C1B176A1C009BB189 /* Base */,
			);
			name = Main.storyboard;
			sourceTree = "<group>";
		};
/* End PBXVariantGroup section */

/* Begin XCBuildConfiguration section */
		454781861B14234F00B4A24D /* Debug */ = {
			isa = XCBuildConfiguration;
			buildSettings = {
				ALWAYS_SEARCH_USER_PATHS = NO;
				CLANG_CXX_LANGUAGE_STANDARD = "gnu++0x";
				CLANG_CXX_LIBRARY = "libc++";
				CLANG_ENABLE_MODULES = YES;
				CLANG_ENABLE_OBJC_ARC = YES;
				CLANG_WARN_BOOL_CONVERSION = YES;
				CLANG_WARN_CONSTANT_CONVERSION = YES;
				CLANG_WARN_DIRECT_OBJC_ISA_USAGE = YES_ERROR;
				CLANG_WARN_EMPTY_BODY = YES;
				CLANG_WARN_ENUM_CONVERSION = YES;
				CLANG_WARN_INT_CONVERSION = YES;
				CLANG_WARN_OBJC_ROOT_CLASS = YES_ERROR;
				CLANG_WARN_UNREACHABLE_CODE = YES;
				CLANG_WARN__DUPLICATE_METHOD_MATCH = YES;
				"CODE_SIGN_IDENTITY[sdk=iphoneos*]" = "iPhone Developer";
				COPY_PHASE_STRIP = NO;
				DEBUG_INFORMATION_FORMAT = "dwarf-with-dsym";
				ENABLE_STRICT_OBJC_MSGSEND = YES;
				GCC_C_LANGUAGE_STANDARD = gnu99;
				GCC_DYNAMIC_NO_PIC = NO;
				GCC_NO_COMMON_BLOCKS = YES;
				GCC_OPTIMIZATION_LEVEL = 0;
				GCC_PREPROCESSOR_DEFINITIONS = (
					"DEBUG=1",
					"$(inherited)",
				);
				GCC_SYMBOLS_PRIVATE_EXTERN = NO;
				GCC_WARN_64_TO_32_BIT_CONVERSION = YES;
				GCC_WARN_ABOUT_RETURN_TYPE = YES_ERROR;
				GCC_WARN_UNDECLARED_SELECTOR = YES;
				GCC_WARN_UNINITIALIZED_AUTOS = YES_AGGRESSIVE;
				GCC_WARN_UNUSED_FUNCTION = YES;
				GCC_WARN_UNUSED_VARIABLE = YES;
				IPHONEOS_DEPLOYMENT_TARGET = 8.3;
				MTL_ENABLE_DEBUG_INFO = YES;
				ONLY_ACTIVE_ARCH = YES;
				SDKROOT = iphoneos;
			};
			name = Debug;
		};
		454781871B14234F00B4A24D /* Release */ = {
			isa = XCBuildConfiguration;
			buildSettings = {
				ALWAYS_SEARCH_USER_PATHS = NO;
				CLANG_CXX_LANGUAGE_STANDARD = "gnu++0x";
				CLANG_CXX_LIBRARY = "libc++";
				CLANG_ENABLE_MODULES = YES;
				CLANG_ENABLE_OBJC_ARC = YES;
				CLANG_WARN_BOOL_CONVERSION = YES;
				CLANG_WARN_CONSTANT_CONVERSION = YES;
				CLANG_WARN_DIRECT_OBJC_ISA_USAGE = YES_ERROR;
				CLANG_WARN_EMPTY_BODY = YES;
				CLANG_WARN_ENUM_CONVERSION = YES;
				CLANG_WARN_INT_CONVERSION = YES;
				CLANG_WARN_OBJC_ROOT_CLASS = YES_ERROR;
				CLANG_WARN_UNREACHABLE_CODE = YES;
				CLANG_WARN__DUPLICATE_METHOD_MATCH = YES;
				"CODE_SIGN_IDENTITY[sdk=iphoneos*]" = "iPhone Developer";
				COPY_PHASE_STRIP = NO;
				DEBUG_INFORMATION_FORMAT = "dwarf-with-dsym";
				ENABLE_NS_ASSERTIONS = NO;
				ENABLE_STRICT_OBJC_MSGSEND = YES;
				GCC_C_LANGUAGE_STANDARD = gnu99;
				GCC_NO_COMMON_BLOCKS = YES;
				GCC_WARN_64_TO_32_BIT_CONVERSION = YES;
				GCC_WARN_ABOUT_RETURN_TYPE = YES_ERROR;
				GCC_WARN_UNDECLARED_SELECTOR = YES;
				GCC_WARN_UNINITIALIZED_AUTOS = YES_AGGRESSIVE;
				GCC_WARN_UNUSED_FUNCTION = YES;
				GCC_WARN_UNUSED_VARIABLE = YES;
				IPHONEOS_DEPLOYMENT_TARGET = 8.3;
				MTL_ENABLE_DEBUG_INFO = NO;
				SDKROOT = iphoneos;
				VALIDATE_PRODUCT = YES;
			};
			name = Release;
		};
		454781891B14234F00B4A24D /* Debug */ = {
			isa = XCBuildConfiguration;
			baseConfigurationReference = 550D6DECC839DE03E8B42771 /* Pods.debug.xcconfig */;
			buildSettings = {
				ASSETCATALOG_COMPILER_APPICON_NAME = AppIcon;
				INFOPLIST_FILE = TP/Info.plist;
				LD_RUNPATH_SEARCH_PATHS = "$(inherited) @executable_path/Frameworks";
				PRODUCT_NAME = "$(TARGET_NAME)";
			};
			name = Debug;
		};
		4547818A1B14234F00B4A24D /* Release */ = {
			isa = XCBuildConfiguration;
			baseConfigurationReference = A30DA944BDB4496FCE4343C0 /* Pods.release.xcconfig */;
			buildSettings = {
				ASSETCATALOG_COMPILER_APPICON_NAME = AppIcon;
				INFOPLIST_FILE = TP/Info.plist;
				LD_RUNPATH_SEARCH_PATHS = "$(inherited) @executable_path/Frameworks";
				PRODUCT_NAME = "$(TARGET_NAME)";
			};
			name = Release;
		};
		4547818C1B14234F00B4A24D /* Debug */ = {
			isa = XCBuildConfiguration;
			buildSettings = {
				BUNDLE_LOADER = "$(TEST_HOST)";
				FRAMEWORK_SEARCH_PATHS = (
					"$(SDKROOT)/Developer/Library/Frameworks",
					"$(inherited)",
				);
				GCC_PREPROCESSOR_DEFINITIONS = (
					"DEBUG=1",
					"$(inherited)",
				);
				INFOPLIST_FILE = TPTests/Info.plist;
				LD_RUNPATH_SEARCH_PATHS = "$(inherited) @executable_path/Frameworks @loader_path/Frameworks";
				PRODUCT_NAME = "$(TARGET_NAME)";
				TEST_HOST = "$(BUILT_PRODUCTS_DIR)/TP.app/TP";
			};
			name = Debug;
		};
		4547818D1B14234F00B4A24D /* Release */ = {
			isa = XCBuildConfiguration;
			buildSettings = {
				BUNDLE_LOADER = "$(TEST_HOST)";
				FRAMEWORK_SEARCH_PATHS = (
					"$(SDKROOT)/Developer/Library/Frameworks",
					"$(inherited)",
				);
				INFOPLIST_FILE = TPTests/Info.plist;
				LD_RUNPATH_SEARCH_PATHS = "$(inherited) @executable_path/Frameworks @loader_path/Frameworks";
				PRODUCT_NAME = "$(TARGET_NAME)";
				TEST_HOST = "$(BUILT_PRODUCTS_DIR)/TP.app/TP";
			};
			name = Release;
		};
/* End XCBuildConfiguration section */

/* Begin XCConfigurationList section */
		454781601B14234F00B4A24D /* Build configuration list for PBXProject "TP" */ = {
			isa = XCConfigurationList;
			buildConfigurations = (
				454781861B14234F00B4A24D /* Debug */,
				454781871B14234F00B4A24D /* Release */,
			);
			defaultConfigurationIsVisible = 0;
			defaultConfigurationName = Release;
		};
		454781881B14234F00B4A24D /* Build configuration list for PBXNativeTarget "TP" */ = {
			isa = XCConfigurationList;
			buildConfigurations = (
				454781891B14234F00B4A24D /* Debug */,
				4547818A1B14234F00B4A24D /* Release */,
			);
			defaultConfigurationIsVisible = 0;
			defaultConfigurationName = Release;
		};
		4547818B1B14234F00B4A24D /* Build configuration list for PBXNativeTarget "TPTests" */ = {
			isa = XCConfigurationList;
			buildConfigurations = (
				4547818C1B14234F00B4A24D /* Debug */,
				4547818D1B14234F00B4A24D /* Release */,
			);
			defaultConfigurationIsVisible = 0;
			defaultConfigurationName = Release;
		};
/* End XCConfigurationList section */
	};
	rootObject = 4547815D1B14234F00B4A24D /* Project object */;
}
